// !$*UTF8*$!
{
	archiveVersion = 1;
	classes = {
	};
	objectVersion = 46;
	objects = {

/* Begin PBXBuildFile section */
		2480E5491C044E1D00388900 /* JYSTKeychain.m in Sources */ = {isa = PBXBuildFile; fileRef = 2480E5481C044E1D00388900 /* JYSTKeychain.m */; settings = {COMPILER_FLAGS = "-fno-objc-arc"; }; };
		2480E54D1C0461F300388900 /* JYUtil.m in Sources */ = {isa = PBXBuildFile; fileRef = 2480E54C1C0461F300388900 /* JYUtil.m */; };
		248FCC7D1C04316900657ADD /* JYLoginViewController.xib in Resources */ = {isa = PBXBuildFile; fileRef = 248FCC7C1C04316900657ADD /* JYLoginViewController.xib */; };
		248FCC801C04317E00657ADD /* JYLoginViewController.m in Sources */ = {isa = PBXBuildFile; fileRef = 248FCC7F1C04317E00657ADD /* JYLoginViewController.m */; };
		248FCC831C04320600657ADD /* JYRegistViewController.m in Sources */ = {isa = PBXBuildFile; fileRef = 248FCC821C04320600657ADD /* JYRegistViewController.m */; };
		248FCC851C0432BD00657ADD /* JYRegistViewController.xib in Resources */ = {isa = PBXBuildFile; fileRef = 248FCC841C0432BD00657ADD /* JYRegistViewController.xib */; };
		248FCC8F1C04371F00657ADD /* JYFindPasswordViewController.xib in Resources */ = {isa = PBXBuildFile; fileRef = 248FCC8E1C04371F00657ADD /* JYFindPasswordViewController.xib */; };
		248FCC941C04378100657ADD /* JYBindEmailViewController.xib in Resources */ = {isa = PBXBuildFile; fileRef = 248FCC931C04378100657ADD /* JYBindEmailViewController.xib */; };
		248FCC991C04385B00657ADD /* JYServiceViewController.xib in Resources */ = {isa = PBXBuildFile; fileRef = 248FCC981C04385B00657ADD /* JYServiceViewController.xib */; };
		3F4A78AD1C06D0F800F4DB50 /* JYAlertView.m in Sources */ = {isa = PBXBuildFile; fileRef = 3F4A78AC1C06D0F800F4DB50 /* JYAlertView.m */; };
		3F4A78AF1C06E48F00F4DB50 /* jy_logo@2x.png in Resources */ = {isa = PBXBuildFile; fileRef = 3F4A78AE1C06E48F00F4DB50 /* jy_logo@2x.png */; };
		3F4A78B31C06E5D600F4DB50 /* UIColor+JYColor.m in Sources */ = {isa = PBXBuildFile; fileRef = 3F4A78B21C06E5D600F4DB50 /* UIColor+JYColor.m */; };
		3F4A78B51C06E7DF00F4DB50 /* jy_img_edittext@2x.png in Resources */ = {isa = PBXBuildFile; fileRef = 3F4A78B41C06E7DF00F4DB50 /* jy_img_edittext@2x.png */; };
		3F4A78B81C06E9FE00F4DB50 /* jy_pwd_login@2x.png in Resources */ = {isa = PBXBuildFile; fileRef = 3F4A78B61C06E9FE00F4DB50 /* jy_pwd_login@2x.png */; };
		3F4A78B91C06E9FE00F4DB50 /* jy_user_login@2x.png in Resources */ = {isa = PBXBuildFile; fileRef = 3F4A78B71C06E9FE00F4DB50 /* jy_user_login@2x.png */; };
		3F4A78BE1C06F4F800F4DB50 /* jy_button_blue_pressed@2x.png in Resources */ = {isa = PBXBuildFile; fileRef = 3F4A78BA1C06F4F800F4DB50 /* jy_button_blue_pressed@2x.png */; };
		3F4A78BF1C06F4F800F4DB50 /* jy_button_blue@2x.png in Resources */ = {isa = PBXBuildFile; fileRef = 3F4A78BB1C06F4F800F4DB50 /* jy_button_blue@2x.png */; };
		3F4A78C01C06F4F800F4DB50 /* jy_button_orange_pressed@2x.png in Resources */ = {isa = PBXBuildFile; fileRef = 3F4A78BC1C06F4F800F4DB50 /* jy_button_orange_pressed@2x.png */; };
		3F4A78C11C06F4F800F4DB50 /* jy_button_orange@2x.png in Resources */ = {isa = PBXBuildFile; fileRef = 3F4A78BD1C06F4F800F4DB50 /* jy_button_orange@2x.png */; };
		3F4A78C41C06FEDE00F4DB50 /* jy_back_pressed@2x.png in Resources */ = {isa = PBXBuildFile; fileRef = 3F4A78C21C06FEDE00F4DB50 /* jy_back_pressed@2x.png */; };
		3F4A78C51C06FEDE00F4DB50 /* jy_back@2x.png in Resources */ = {isa = PBXBuildFile; fileRef = 3F4A78C31C06FEDE00F4DB50 /* jy_back@2x.png */; };
		3F4A78CC1C07006B00F4DB50 /* jy_img_checkbox_off@2x.png in Resources */ = {isa = PBXBuildFile; fileRef = 3F4A78CA1C07006B00F4DB50 /* jy_img_checkbox_off@2x.png */; };
		3F4A78CD1C07006B00F4DB50 /* jy_img_checkbox_on@2x.png in Resources */ = {isa = PBXBuildFile; fileRef = 3F4A78CB1C07006B00F4DB50 /* jy_img_checkbox_on@2x.png */; };
		3F4A78D01C07088D00F4DB50 /* jy_login_pulldown_btn@2x.png in Resources */ = {isa = PBXBuildFile; fileRef = 3F4A78CE1C07088D00F4DB50 /* jy_login_pulldown_btn@2x.png */; };
		3F4A78D11C07088D00F4DB50 /* jy_login_pulldown_del@2x.png in Resources */ = {isa = PBXBuildFile; fileRef = 3F4A78CF1C07088D00F4DB50 /* jy_login_pulldown_del@2x.png */; };
		3F4A78D51C0712F700F4DB50 /* loading_circle_full@2x.png in Resources */ = {isa = PBXBuildFile; fileRef = 3F4A78D21C0712F700F4DB50 /* loading_circle_full@2x.png */; };
		3F4A78D61C0712F700F4DB50 /* loading_circle_half@2x.png in Resources */ = {isa = PBXBuildFile; fileRef = 3F4A78D31C0712F700F4DB50 /* loading_circle_half@2x.png */; };
		3F4A78D71C0712F700F4DB50 /* loading_success@2x.png in Resources */ = {isa = PBXBuildFile; fileRef = 3F4A78D41C0712F700F4DB50 /* loading_success@2x.png */; };
		3F4A78DA1C07EE4300F4DB50 /* jy_popBg@2x.png in Resources */ = {isa = PBXBuildFile; fileRef = 3F4A78D81C07EE4300F4DB50 /* jy_popBg@2x.png */; };
		3F4A78DB1C07EE4300F4DB50 /* jy_popBg@3x.png in Resources */ = {isa = PBXBuildFile; fileRef = 3F4A78D91C07EE4300F4DB50 /* jy_popBg@3x.png */; };
		3F4A78E31C07F54600F4DB50 /* JYBindAlertViewController.xib in Resources */ = {isa = PBXBuildFile; fileRef = 3F4A78E21C07F54600F4DB50 /* JYBindAlertViewController.xib */; };
		3F4A78E41C0806C700F4DB50 /* JYBindEmailViewController.m in Sources */ = {isa = PBXBuildFile; fileRef = 248FCC911C04376F00657ADD /* JYBindEmailViewController.m */; };
		3F4A78E51C0806D200F4DB50 /* JYBindAlertViewController.m in Sources */ = {isa = PBXBuildFile; fileRef = 3F4A78E01C07F52F00F4DB50 /* JYBindAlertViewController.m */; };
		3F4A78E81C080C8500F4DB50 /* jy_show_service_pressed@2x.png in Resources */ = {isa = PBXBuildFile; fileRef = 3F4A78E61C080C8500F4DB50 /* jy_show_service_pressed@2x.png */; };
		3F4A78E91C080C8500F4DB50 /* jy_show_service@2x.png in Resources */ = {isa = PBXBuildFile; fileRef = 3F4A78E71C080C8500F4DB50 /* jy_show_service@2x.png */; };
		3F4A78EC1C082BA300F4DB50 /* Localizable.strings in Resources */ = {isa = PBXBuildFile; fileRef = 3F4A78EE1C082BA300F4DB50 /* Localizable.strings */; };
		3F4A78F11C083E6900F4DB50 /* jy_img_edittext@3x.png in Resources */ = {isa = PBXBuildFile; fileRef = 3F4A78F01C083E6900F4DB50 /* jy_img_edittext@3x.png */; };
		3F4A78FF1C0841E600F4DB50 /* jy_back_pressed@3x.png in Resources */ = {isa = PBXBuildFile; fileRef = 3F4A78F21C0841E600F4DB50 /* jy_back_pressed@3x.png */; };
		3F4A79001C0841E600F4DB50 /* jy_back@3x.png in Resources */ = {isa = PBXBuildFile; fileRef = 3F4A78F31C0841E600F4DB50 /* jy_back@3x.png */; };
		3F4A79011C0841E600F4DB50 /* jy_button_blue_pressed@3x.png in Resources */ = {isa = PBXBuildFile; fileRef = 3F4A78F41C0841E600F4DB50 /* jy_button_blue_pressed@3x.png */; };
		3F4A79021C0841E600F4DB50 /* jy_button_blue@3x.png in Resources */ = {isa = PBXBuildFile; fileRef = 3F4A78F51C0841E600F4DB50 /* jy_button_blue@3x.png */; };
		3F4A79031C0841E600F4DB50 /* jy_button_orange_pressed@3x.png in Resources */ = {isa = PBXBuildFile; fileRef = 3F4A78F61C0841E600F4DB50 /* jy_button_orange_pressed@3x.png */; };
		3F4A79041C0841E600F4DB50 /* jy_button_orange@3x.png in Resources */ = {isa = PBXBuildFile; fileRef = 3F4A78F71C0841E600F4DB50 /* jy_button_orange@3x.png */; };
		3F4A79051C0841E600F4DB50 /* jy_img_checkbox_off@3x.png in Resources */ = {isa = PBXBuildFile; fileRef = 3F4A78F81C0841E600F4DB50 /* jy_img_checkbox_off@3x.png */; };
		3F4A79061C0841E600F4DB50 /* jy_img_checkbox_on@3x.png in Resources */ = {isa = PBXBuildFile; fileRef = 3F4A78F91C0841E600F4DB50 /* jy_img_checkbox_on@3x.png */; };
		3F4A79071C0841E600F4DB50 /* jy_logo@3x.png in Resources */ = {isa = PBXBuildFile; fileRef = 3F4A78FA1C0841E600F4DB50 /* jy_logo@3x.png */; };
		3F4A79081C0841E600F4DB50 /* jy_pwd_login@3x.png in Resources */ = {isa = PBXBuildFile; fileRef = 3F4A78FB1C0841E600F4DB50 /* jy_pwd_login@3x.png */; };
		3F4A79091C0841E600F4DB50 /* jy_show_service_pressed@3x.png in Resources */ = {isa = PBXBuildFile; fileRef = 3F4A78FC1C0841E600F4DB50 /* jy_show_service_pressed@3x.png */; };
		3F4A790A1C0841E600F4DB50 /* jy_show_service@3x.png in Resources */ = {isa = PBXBuildFile; fileRef = 3F4A78FD1C0841E600F4DB50 /* jy_show_service@3x.png */; };
		3F4A790B1C0841E600F4DB50 /* jy_user_login@3x.png in Resources */ = {isa = PBXBuildFile; fileRef = 3F4A78FE1C0841E600F4DB50 /* jy_user_login@3x.png */; };
		3F4A790E1C08425E00F4DB50 /* jy_login_pulldown_btn@3x.png in Resources */ = {isa = PBXBuildFile; fileRef = 3F4A790C1C08425E00F4DB50 /* jy_login_pulldown_btn@3x.png */; };
		3F4A790F1C08425E00F4DB50 /* jy_login_pulldown_del@3x.png in Resources */ = {isa = PBXBuildFile; fileRef = 3F4A790D1C08425E00F4DB50 /* jy_login_pulldown_del@3x.png */; };
		3F4A79101C08571400F4DB50 /* JYPopView.m in Sources */ = {isa = PBXBuildFile; fileRef = 3F4A78DD1C07EE7400F4DB50 /* JYPopView.m */; };
		3F8839271C06A72600A640A8 /* JYViewController.m in Sources */ = {isa = PBXBuildFile; fileRef = 3FFB73A01C06978400C81D68 /* JYViewController.m */; };
		3FFB739C1C06976700C81D68 /* JYLoadingView.xib in Resources */ = {isa = PBXBuildFile; fileRef = 3FFB739B1C06976700C81D68 /* JYLoadingView.xib */; };
		3FFB73BD1C06992A00C81D68 /* JYNavigationController.m in Sources */ = {isa = PBXBuildFile; fileRef = 3FFB739E1C06978400C81D68 /* JYNavigationController.m */; };
		3FFB73BE1C06996F00C81D68 /* NSString+JYString.m in Sources */ = {isa = PBXBuildFile; fileRef = 3FFB73AB1C0697AF00C81D68 /* NSString+JYString.m */; };
		3FFB73C11C0699A100C81D68 /* JYFindPasswordViewController.m in Sources */ = {isa = PBXBuildFile; fileRef = 248FCC8C1C04371300657ADD /* JYFindPasswordViewController.m */; };
		3FFB73C21C0699A400C81D68 /* JYServiceViewController.m in Sources */ = {isa = PBXBuildFile; fileRef = 248FCC961C04382000657ADD /* JYServiceViewController.m */; };
		3FFB73C31C0699A900C81D68 /* JYLoadingView.m in Sources */ = {isa = PBXBuildFile; fileRef = 3FFB73A41C06978D00C81D68 /* JYLoadingView.m */; };
		3FFB73C41C0699BF00C81D68 /* JYButton.m in Sources */ = {isa = PBXBuildFile; fileRef = 3FFB73A71C0697AF00C81D68 /* JYButton.m */; };
		3FFB73C51C0699C400C81D68 /* NSBundle+JYBundle.m in Sources */ = {isa = PBXBuildFile; fileRef = 3FFB73A91C0697AF00C81D68 /* NSBundle+JYBundle.m */; };
		3FFB73C61C0699CB00C81D68 /* UIImage+JYImage.m in Sources */ = {isa = PBXBuildFile; fileRef = 3FFB73AD1C0697AF00C81D68 /* UIImage+JYImage.m */; };
		3FFB73C71C0699CF00C81D68 /* UIView+JYView.m in Sources */ = {isa = PBXBuildFile; fileRef = 3FFB73AF1C0697AF00C81D68 /* UIView+JYView.m */; };
		CF5744701BFF25D000BF4351 /* JYServiceData.m in Sources */ = {isa = PBXBuildFile; fileRef = CF57446F1BFF25D000BF4351 /* JYServiceData.m */; };
		CFF6AC501BF9B944006A7DA2 /* Joy4youSDK.h in CopyFiles */ = {isa = PBXBuildFile; fileRef = CFF6AC4F1BF9B944006A7DA2 /* Joy4youSDK.h */; };
		CFF6AC521BF9B944006A7DA2 /* Joy4youSDK.m in Sources */ = {isa = PBXBuildFile; fileRef = CFF6AC511BF9B944006A7DA2 /* Joy4youSDK.m */; };
		CFF6AC881BF9BE25006A7DA2 /* JoyEncryption.m in Sources */ = {isa = PBXBuildFile; fileRef = CFF6AC871BF9BE25006A7DA2 /* JoyEncryption.m */; };
		CFF6ACA01BF9BF7E006A7DA2 /* JoyRootViewController.m in Sources */ = {isa = PBXBuildFile; fileRef = CFF6AC9F1BF9BF7E006A7DA2 /* JoyRootViewController.m */; };
		CFF6ACB61BF9DDAE006A7DA2 /* JoyRequest.m in Sources */ = {isa = PBXBuildFile; fileRef = CFF6ACB51BF9DDAE006A7DA2 /* JoyRequest.m */; };
		CFF6ACB91BF9DEC1006A7DA2 /* JYDevice.m in Sources */ = {isa = PBXBuildFile; fileRef = CFF6ACB81BF9DEC1006A7DA2 /* JYDevice.m */; };
		CFF6ACD51BFB0601006A7DA2 /* AFHTTPRequestOperation.m in Sources */ = {isa = PBXBuildFile; fileRef = CFF6ACC01BFB0601006A7DA2 /* AFHTTPRequestOperation.m */; };
		CFF6ACD61BFB0601006A7DA2 /* AFHTTPRequestOperationManager.m in Sources */ = {isa = PBXBuildFile; fileRef = CFF6ACC21BFB0601006A7DA2 /* AFHTTPRequestOperationManager.m */; };
		CFF6ACD71BFB0601006A7DA2 /* AFURLConnectionOperation.m in Sources */ = {isa = PBXBuildFile; fileRef = CFF6ACC41BFB0601006A7DA2 /* AFURLConnectionOperation.m */; };
		CFF6ACD81BFB0601006A7DA2 /* AFHTTPSessionManager.m in Sources */ = {isa = PBXBuildFile; fileRef = CFF6ACC71BFB0601006A7DA2 /* AFHTTPSessionManager.m */; };
		CFF6ACD91BFB0601006A7DA2 /* AFURLSessionManager.m in Sources */ = {isa = PBXBuildFile; fileRef = CFF6ACC91BFB0601006A7DA2 /* AFURLSessionManager.m */; };
		CFF6ACDA1BFB0601006A7DA2 /* AFNetworkReachabilityManager.m in Sources */ = {isa = PBXBuildFile; fileRef = CFF6ACCC1BFB0601006A7DA2 /* AFNetworkReachabilityManager.m */; };
		CFF6ACDB1BFB0601006A7DA2 /* AFSecurityPolicy.m in Sources */ = {isa = PBXBuildFile; fileRef = CFF6ACCF1BFB0601006A7DA2 /* AFSecurityPolicy.m */; };
		CFF6ACDC1BFB0601006A7DA2 /* AFURLRequestSerialization.m in Sources */ = {isa = PBXBuildFile; fileRef = CFF6ACD21BFB0601006A7DA2 /* AFURLRequestSerialization.m */; };
		CFF6ACDD1BFB0601006A7DA2 /* AFURLResponseSerialization.m in Sources */ = {isa = PBXBuildFile; fileRef = CFF6ACD41BFB0601006A7DA2 /* AFURLResponseSerialization.m */; };
		CFF6ACE21BFC1952006A7DA2 /* JYHitTestView.m in Sources */ = {isa = PBXBuildFile; fileRef = CFF6ACE11BFC1952006A7DA2 /* JYHitTestView.m */; };
		CFF6ACEA1BFC1F75006A7DA2 /* JYLog.m in Sources */ = {isa = PBXBuildFile; fileRef = CFF6ACE91BFC1F75006A7DA2 /* JYLog.m */; };
		CFF6ACEE1BFC223D006A7DA2 /* JoyMainViewController.m in Sources */ = {isa = PBXBuildFile; fileRef = CFF6ACED1BFC223D006A7DA2 /* JoyMainViewController.m */; };
		CFF6ACF11BFC2288006A7DA2 /* JYConfig.m in Sources */ = {isa = PBXBuildFile; fileRef = CFF6ACF01BFC2288006A7DA2 /* JYConfig.m */; };
		CFF6ACF81BFC5288006A7DA2 /* JYUserCache.m in Sources */ = {isa = PBXBuildFile; fileRef = CFF6ACF71BFC5288006A7DA2 /* JYUserCache.m */; };
		CFF6ACFB1BFC52AF006A7DA2 /* JYModelInterface.m in Sources */ = {isa = PBXBuildFile; fileRef = CFF6ACFA1BFC52AF006A7DA2 /* JYModelInterface.m */; };
		CFF6AD0C1BFEF0F2006A7DA2 /* JYUserContent.m in Sources */ = {isa = PBXBuildFile; fileRef = CFF6AD0B1BFEF0F2006A7DA2 /* JYUserContent.m */; };
/* End PBXBuildFile section */

/* Begin PBXContainerItemProxy section */
		3FFB73B51C06980B00C81D68 /* PBXContainerItemProxy */ = {
			isa = PBXContainerItemProxy;
			containerPortal = CFF6AC441BF9B944006A7DA2 /* Project object */;
			proxyType = 1;
			remoteGlobalIDString = 248FCC6B1C04307200657ADD;
			remoteInfo = Joy4youBundle;
		};
/* End PBXContainerItemProxy section */

/* Begin PBXCopyFilesBuildPhase section */
		CFF6AC4A1BF9B944006A7DA2 /* CopyFiles */ = {
			isa = PBXCopyFilesBuildPhase;
			buildActionMask = 2147483647;
			dstPath = "";
			dstSubfolderSpec = 16;
			files = (
				CFF6AC501BF9B944006A7DA2 /* Joy4youSDK.h in CopyFiles */,
			);
			runOnlyForDeploymentPostprocessing = 0;
		};
/* End PBXCopyFilesBuildPhase section */

/* Begin PBXFileReference section */
		2480E5451C043DA200388900 /* JYDefine.h */ = {isa = PBXFileReference; lastKnownFileType = sourcecode.c.h; path = JYDefine.h; sourceTree = "<group>"; };
		2480E5471C044E1D00388900 /* JYSTKeychain.h */ = {isa = PBXFileReference; fileEncoding = 4; lastKnownFileType = sourcecode.c.h; path = JYSTKeychain.h; sourceTree = "<group>"; };
		2480E5481C044E1D00388900 /* JYSTKeychain.m */ = {isa = PBXFileReference; fileEncoding = 4; lastKnownFileType = sourcecode.c.objc; path = JYSTKeychain.m; sourceTree = "<group>"; };
		2480E54B1C0461F300388900 /* JYUtil.h */ = {isa = PBXFileReference; fileEncoding = 4; lastKnownFileType = sourcecode.c.h; path = JYUtil.h; sourceTree = "<group>"; };
		2480E54C1C0461F300388900 /* JYUtil.m */ = {isa = PBXFileReference; fileEncoding = 4; lastKnownFileType = sourcecode.c.objc; path = JYUtil.m; sourceTree = "<group>"; };
		248FCC6C1C04307200657ADD /* Joy4youBundle.bundle */ = {isa = PBXFileReference; explicitFileType = wrapper.cfbundle; includeInIndex = 0; path = Joy4youBundle.bundle; sourceTree = BUILT_PRODUCTS_DIR; };
		248FCC6F1C04307300657ADD /* Info.plist */ = {isa = PBXFileReference; lastKnownFileType = text.plist.xml; path = Info.plist; sourceTree = "<group>"; };
		248FCC7C1C04316900657ADD /* JYLoginViewController.xib */ = {isa = PBXFileReference; fileEncoding = 4; lastKnownFileType = file.xib; name = JYLoginViewController.xib; path = xib/JYLoginViewController.xib; sourceTree = "<group>"; };
		248FCC7E1C04317E00657ADD /* JYLoginViewController.h */ = {isa = PBXFileReference; fileEncoding = 4; lastKnownFileType = sourcecode.c.h; path = JYLoginViewController.h; sourceTree = "<group>"; };
		248FCC7F1C04317E00657ADD /* JYLoginViewController.m */ = {isa = PBXFileReference; fileEncoding = 4; lastKnownFileType = sourcecode.c.objc; path = JYLoginViewController.m; sourceTree = "<group>"; };
		248FCC811C04320600657ADD /* JYRegistViewController.h */ = {isa = PBXFileReference; fileEncoding = 4; lastKnownFileType = sourcecode.c.h; path = JYRegistViewController.h; sourceTree = "<group>"; };
		248FCC821C04320600657ADD /* JYRegistViewController.m */ = {isa = PBXFileReference; fileEncoding = 4; lastKnownFileType = sourcecode.c.objc; path = JYRegistViewController.m; sourceTree = "<group>"; };
		248FCC841C0432BD00657ADD /* JYRegistViewController.xib */ = {isa = PBXFileReference; fileEncoding = 4; lastKnownFileType = file.xib; path = JYRegistViewController.xib; sourceTree = "<group>"; };
		248FCC8B1C04371300657ADD /* JYFindPasswordViewController.h */ = {isa = PBXFileReference; fileEncoding = 4; lastKnownFileType = sourcecode.c.h; path = JYFindPasswordViewController.h; sourceTree = "<group>"; };
		248FCC8C1C04371300657ADD /* JYFindPasswordViewController.m */ = {isa = PBXFileReference; fileEncoding = 4; lastKnownFileType = sourcecode.c.objc; path = JYFindPasswordViewController.m; sourceTree = "<group>"; };
		248FCC8E1C04371F00657ADD /* JYFindPasswordViewController.xib */ = {isa = PBXFileReference; fileEncoding = 4; lastKnownFileType = file.xib; path = JYFindPasswordViewController.xib; sourceTree = "<group>"; };
		248FCC901C04376F00657ADD /* JYBindEmailViewController.h */ = {isa = PBXFileReference; fileEncoding = 4; lastKnownFileType = sourcecode.c.h; path = JYBindEmailViewController.h; sourceTree = "<group>"; };
		248FCC911C04376F00657ADD /* JYBindEmailViewController.m */ = {isa = PBXFileReference; fileEncoding = 4; lastKnownFileType = sourcecode.c.objc; path = JYBindEmailViewController.m; sourceTree = "<group>"; };
		248FCC931C04378100657ADD /* JYBindEmailViewController.xib */ = {isa = PBXFileReference; fileEncoding = 4; lastKnownFileType = file.xib; path = JYBindEmailViewController.xib; sourceTree = "<group>"; };
		248FCC951C04382000657ADD /* JYServiceViewController.h */ = {isa = PBXFileReference; fileEncoding = 4; lastKnownFileType = sourcecode.c.h; path = JYServiceViewController.h; sourceTree = "<group>"; };
		248FCC961C04382000657ADD /* JYServiceViewController.m */ = {isa = PBXFileReference; fileEncoding = 4; lastKnownFileType = sourcecode.c.objc; path = JYServiceViewController.m; sourceTree = "<group>"; };
		248FCC981C04385B00657ADD /* JYServiceViewController.xib */ = {isa = PBXFileReference; fileEncoding = 4; lastKnownFileType = file.xib; path = JYServiceViewController.xib; sourceTree = "<group>"; };
		3F4A78AB1C06D0F800F4DB50 /* JYAlertView.h */ = {isa = PBXFileReference; fileEncoding = 4; lastKnownFileType = sourcecode.c.h; name = JYAlertView.h; path = ../Utils/JYAlertView.h; sourceTree = "<group>"; };
		3F4A78AC1C06D0F800F4DB50 /* JYAlertView.m */ = {isa = PBXFileReference; fileEncoding = 4; lastKnownFileType = sourcecode.c.objc; name = JYAlertView.m; path = ../Utils/JYAlertView.m; sourceTree = "<group>"; };
		3F4A78AE1C06E48F00F4DB50 /* jy_logo@2x.png */ = {isa = PBXFileReference; lastKnownFileType = image.png; name = "jy_logo@2x.png"; path = "images/jy_logo@2x.png"; sourceTree = "<group>"; };
		3F4A78B11C06E5D600F4DB50 /* UIColor+JYColor.h */ = {isa = PBXFileReference; fileEncoding = 4; lastKnownFileType = sourcecode.c.h; path = "UIColor+JYColor.h"; sourceTree = "<group>"; };
		3F4A78B21C06E5D600F4DB50 /* UIColor+JYColor.m */ = {isa = PBXFileReference; fileEncoding = 4; lastKnownFileType = sourcecode.c.objc; path = "UIColor+JYColor.m"; sourceTree = "<group>"; };
		3F4A78B41C06E7DF00F4DB50 /* jy_img_edittext@2x.png */ = {isa = PBXFileReference; lastKnownFileType = image.png; name = "jy_img_edittext@2x.png"; path = "images/jy_img_edittext@2x.png"; sourceTree = "<group>"; };
		3F4A78B61C06E9FE00F4DB50 /* jy_pwd_login@2x.png */ = {isa = PBXFileReference; lastKnownFileType = image.png; name = "jy_pwd_login@2x.png"; path = "images/jy_pwd_login@2x.png"; sourceTree = "<group>"; };
		3F4A78B71C06E9FE00F4DB50 /* jy_user_login@2x.png */ = {isa = PBXFileReference; lastKnownFileType = image.png; name = "jy_user_login@2x.png"; path = "images/jy_user_login@2x.png"; sourceTree = "<group>"; };
		3F4A78BA1C06F4F800F4DB50 /* jy_button_blue_pressed@2x.png */ = {isa = PBXFileReference; lastKnownFileType = image.png; name = "jy_button_blue_pressed@2x.png"; path = "images/jy_button_blue_pressed@2x.png"; sourceTree = "<group>"; };
		3F4A78BB1C06F4F800F4DB50 /* jy_button_blue@2x.png */ = {isa = PBXFileReference; lastKnownFileType = image.png; name = "jy_button_blue@2x.png"; path = "images/jy_button_blue@2x.png"; sourceTree = "<group>"; };
		3F4A78BC1C06F4F800F4DB50 /* jy_button_orange_pressed@2x.png */ = {isa = PBXFileReference; lastKnownFileType = image.png; name = "jy_button_orange_pressed@2x.png"; path = "images/jy_button_orange_pressed@2x.png"; sourceTree = "<group>"; };
		3F4A78BD1C06F4F800F4DB50 /* jy_button_orange@2x.png */ = {isa = PBXFileReference; lastKnownFileType = image.png; name = "jy_button_orange@2x.png"; path = "images/jy_button_orange@2x.png"; sourceTree = "<group>"; };
		3F4A78C21C06FEDE00F4DB50 /* jy_back_pressed@2x.png */ = {isa = PBXFileReference; lastKnownFileType = image.png; name = "jy_back_pressed@2x.png"; path = "images/jy_back_pressed@2x.png"; sourceTree = "<group>"; };
		3F4A78C31C06FEDE00F4DB50 /* jy_back@2x.png */ = {isa = PBXFileReference; lastKnownFileType = image.png; name = "jy_back@2x.png"; path = "images/jy_back@2x.png"; sourceTree = "<group>"; };
		3F4A78CA1C07006B00F4DB50 /* jy_img_checkbox_off@2x.png */ = {isa = PBXFileReference; lastKnownFileType = image.png; name = "jy_img_checkbox_off@2x.png"; path = "images/jy_img_checkbox_off@2x.png"; sourceTree = "<group>"; };
		3F4A78CB1C07006B00F4DB50 /* jy_img_checkbox_on@2x.png */ = {isa = PBXFileReference; lastKnownFileType = image.png; name = "jy_img_checkbox_on@2x.png"; path = "images/jy_img_checkbox_on@2x.png"; sourceTree = "<group>"; };
		3F4A78CE1C07088D00F4DB50 /* jy_login_pulldown_btn@2x.png */ = {isa = PBXFileReference; lastKnownFileType = image.png; name = "jy_login_pulldown_btn@2x.png"; path = "images/jy_login_pulldown_btn@2x.png"; sourceTree = "<group>"; };
		3F4A78CF1C07088D00F4DB50 /* jy_login_pulldown_del@2x.png */ = {isa = PBXFileReference; lastKnownFileType = image.png; name = "jy_login_pulldown_del@2x.png"; path = "images/jy_login_pulldown_del@2x.png"; sourceTree = "<group>"; };
		3F4A78D21C0712F700F4DB50 /* loading_circle_full@2x.png */ = {isa = PBXFileReference; lastKnownFileType = image.png; name = "loading_circle_full@2x.png"; path = "images/loading_circle_full@2x.png"; sourceTree = "<group>"; };
		3F4A78D31C0712F700F4DB50 /* loading_circle_half@2x.png */ = {isa = PBXFileReference; lastKnownFileType = image.png; name = "loading_circle_half@2x.png"; path = "images/loading_circle_half@2x.png"; sourceTree = "<group>"; };
		3F4A78D41C0712F700F4DB50 /* loading_success@2x.png */ = {isa = PBXFileReference; lastKnownFileType = image.png; name = "loading_success@2x.png"; path = "images/loading_success@2x.png"; sourceTree = "<group>"; };
		3F4A78D81C07EE4300F4DB50 /* jy_popBg@2x.png */ = {isa = PBXFileReference; lastKnownFileType = image.png; name = "jy_popBg@2x.png"; path = "images/jy_popBg@2x.png"; sourceTree = "<group>"; };
		3F4A78D91C07EE4300F4DB50 /* jy_popBg@3x.png */ = {isa = PBXFileReference; lastKnownFileType = image.png; name = "jy_popBg@3x.png"; path = "images/jy_popBg@3x.png"; sourceTree = "<group>"; };
		3F4A78DC1C07EE7400F4DB50 /* JYPopView.h */ = {isa = PBXFileReference; fileEncoding = 4; lastKnownFileType = sourcecode.c.h; path = JYPopView.h; sourceTree = "<group>"; };
		3F4A78DD1C07EE7400F4DB50 /* JYPopView.m */ = {isa = PBXFileReference; fileEncoding = 4; lastKnownFileType = sourcecode.c.objc; path = JYPopView.m; sourceTree = "<group>"; };
		3F4A78DF1C07F52F00F4DB50 /* JYBindAlertViewController.h */ = {isa = PBXFileReference; fileEncoding = 4; lastKnownFileType = sourcecode.c.h; path = JYBindAlertViewController.h; sourceTree = "<group>"; };
		3F4A78E01C07F52F00F4DB50 /* JYBindAlertViewController.m */ = {isa = PBXFileReference; fileEncoding = 4; lastKnownFileType = sourcecode.c.objc; path = JYBindAlertViewController.m; sourceTree = "<group>"; };
		3F4A78E21C07F54600F4DB50 /* JYBindAlertViewController.xib */ = {isa = PBXFileReference; fileEncoding = 4; lastKnownFileType = file.xib; path = JYBindAlertViewController.xib; sourceTree = "<group>"; };
		3F4A78E61C080C8500F4DB50 /* jy_show_service_pressed@2x.png */ = {isa = PBXFileReference; lastKnownFileType = image.png; name = "jy_show_service_pressed@2x.png"; path = "images/jy_show_service_pressed@2x.png"; sourceTree = "<group>"; };
		3F4A78E71C080C8500F4DB50 /* jy_show_service@2x.png */ = {isa = PBXFileReference; lastKnownFileType = image.png; name = "jy_show_service@2x.png"; path = "images/jy_show_service@2x.png"; sourceTree = "<group>"; };
		3F4A78ED1C082BA300F4DB50 /* en */ = {isa = PBXFileReference; lastKnownFileType = text.plist.strings; name = en; path = en.lproj/Localizable.strings; sourceTree = "<group>"; };
		3F4A78EF1C082BF800F4DB50 /* zh-Hans */ = {isa = PBXFileReference; lastKnownFileType = text.plist.strings; name = "zh-Hans"; path = "zh-Hans.lproj/Localizable.strings"; sourceTree = "<group>"; };
		3F4A78F01C083E6900F4DB50 /* jy_img_edittext@3x.png */ = {isa = PBXFileReference; lastKnownFileType = image.png; name = "jy_img_edittext@3x.png"; path = "images/jy_img_edittext@3x.png"; sourceTree = "<group>"; };
		3F4A78F21C0841E600F4DB50 /* jy_back_pressed@3x.png */ = {isa = PBXFileReference; lastKnownFileType = image.png; name = "jy_back_pressed@3x.png"; path = "images/jy_back_pressed@3x.png"; sourceTree = "<group>"; };
		3F4A78F31C0841E600F4DB50 /* jy_back@3x.png */ = {isa = PBXFileReference; lastKnownFileType = image.png; name = "jy_back@3x.png"; path = "images/jy_back@3x.png"; sourceTree = "<group>"; };
		3F4A78F41C0841E600F4DB50 /* jy_button_blue_pressed@3x.png */ = {isa = PBXFileReference; lastKnownFileType = image.png; name = "jy_button_blue_pressed@3x.png"; path = "images/jy_button_blue_pressed@3x.png"; sourceTree = "<group>"; };
		3F4A78F51C0841E600F4DB50 /* jy_button_blue@3x.png */ = {isa = PBXFileReference; lastKnownFileType = image.png; name = "jy_button_blue@3x.png"; path = "images/jy_button_blue@3x.png"; sourceTree = "<group>"; };
		3F4A78F61C0841E600F4DB50 /* jy_button_orange_pressed@3x.png */ = {isa = PBXFileReference; lastKnownFileType = image.png; name = "jy_button_orange_pressed@3x.png"; path = "images/jy_button_orange_pressed@3x.png"; sourceTree = "<group>"; };
		3F4A78F71C0841E600F4DB50 /* jy_button_orange@3x.png */ = {isa = PBXFileReference; lastKnownFileType = image.png; name = "jy_button_orange@3x.png"; path = "images/jy_button_orange@3x.png"; sourceTree = "<group>"; };
		3F4A78F81C0841E600F4DB50 /* jy_img_checkbox_off@3x.png */ = {isa = PBXFileReference; lastKnownFileType = image.png; name = "jy_img_checkbox_off@3x.png"; path = "images/jy_img_checkbox_off@3x.png"; sourceTree = "<group>"; };
		3F4A78F91C0841E600F4DB50 /* jy_img_checkbox_on@3x.png */ = {isa = PBXFileReference; lastKnownFileType = image.png; name = "jy_img_checkbox_on@3x.png"; path = "images/jy_img_checkbox_on@3x.png"; sourceTree = "<group>"; };
		3F4A78FA1C0841E600F4DB50 /* jy_logo@3x.png */ = {isa = PBXFileReference; lastKnownFileType = image.png; name = "jy_logo@3x.png"; path = "images/jy_logo@3x.png"; sourceTree = "<group>"; };
		3F4A78FB1C0841E600F4DB50 /* jy_pwd_login@3x.png */ = {isa = PBXFileReference; lastKnownFileType = image.png; name = "jy_pwd_login@3x.png"; path = "images/jy_pwd_login@3x.png"; sourceTree = "<group>"; };
		3F4A78FC1C0841E600F4DB50 /* jy_show_service_pressed@3x.png */ = {isa = PBXFileReference; lastKnownFileType = image.png; name = "jy_show_service_pressed@3x.png"; path = "images/jy_show_service_pressed@3x.png"; sourceTree = "<group>"; };
		3F4A78FD1C0841E600F4DB50 /* jy_show_service@3x.png */ = {isa = PBXFileReference; lastKnownFileType = image.png; name = "jy_show_service@3x.png"; path = "images/jy_show_service@3x.png"; sourceTree = "<group>"; };
		3F4A78FE1C0841E600F4DB50 /* jy_user_login@3x.png */ = {isa = PBXFileReference; lastKnownFileType = image.png; name = "jy_user_login@3x.png"; path = "images/jy_user_login@3x.png"; sourceTree = "<group>"; };
		3F4A790C1C08425E00F4DB50 /* jy_login_pulldown_btn@3x.png */ = {isa = PBXFileReference; lastKnownFileType = image.png; name = "jy_login_pulldown_btn@3x.png"; path = "images/jy_login_pulldown_btn@3x.png"; sourceTree = "<group>"; };
		3F4A790D1C08425E00F4DB50 /* jy_login_pulldown_del@3x.png */ = {isa = PBXFileReference; lastKnownFileType = image.png; name = "jy_login_pulldown_del@3x.png"; path = "images/jy_login_pulldown_del@3x.png"; sourceTree = "<group>"; };
		3FFB739B1C06976700C81D68 /* JYLoadingView.xib */ = {isa = PBXFileReference; fileEncoding = 4; lastKnownFileType = file.xib; name = JYLoadingView.xib; path = xib/JYLoadingView.xib; sourceTree = "<group>"; };
		3FFB739D1C06978400C81D68 /* JYNavigationController.h */ = {isa = PBXFileReference; fileEncoding = 4; lastKnownFileType = sourcecode.c.h; path = JYNavigationController.h; sourceTree = "<group>"; };
		3FFB739E1C06978400C81D68 /* JYNavigationController.m */ = {isa = PBXFileReference; fileEncoding = 4; lastKnownFileType = sourcecode.c.objc; path = JYNavigationController.m; sourceTree = "<group>"; };
		3FFB739F1C06978400C81D68 /* JYViewController.h */ = {isa = PBXFileReference; fileEncoding = 4; lastKnownFileType = sourcecode.c.h; path = JYViewController.h; sourceTree = "<group>"; };
		3FFB73A01C06978400C81D68 /* JYViewController.m */ = {isa = PBXFileReference; fileEncoding = 4; lastKnownFileType = sourcecode.c.objc; path = JYViewController.m; sourceTree = "<group>"; };
		3FFB73A31C06978D00C81D68 /* JYLoadingView.h */ = {isa = PBXFileReference; fileEncoding = 4; lastKnownFileType = sourcecode.c.h; path = JYLoadingView.h; sourceTree = "<group>"; };
		3FFB73A41C06978D00C81D68 /* JYLoadingView.m */ = {isa = PBXFileReference; fileEncoding = 4; lastKnownFileType = sourcecode.c.objc; path = JYLoadingView.m; sourceTree = "<group>"; };
		3FFB73A61C0697AF00C81D68 /* JYButton.h */ = {isa = PBXFileReference; fileEncoding = 4; lastKnownFileType = sourcecode.c.h; name = JYButton.h; path = ../Utils/JYButton.h; sourceTree = "<group>"; };
		3FFB73A71C0697AF00C81D68 /* JYButton.m */ = {isa = PBXFileReference; fileEncoding = 4; lastKnownFileType = sourcecode.c.objc; name = JYButton.m; path = ../Utils/JYButton.m; sourceTree = "<group>"; };
		3FFB73A81C0697AF00C81D68 /* NSBundle+JYBundle.h */ = {isa = PBXFileReference; fileEncoding = 4; lastKnownFileType = sourcecode.c.h; path = "NSBundle+JYBundle.h"; sourceTree = "<group>"; };
		3FFB73A91C0697AF00C81D68 /* NSBundle+JYBundle.m */ = {isa = PBXFileReference; fileEncoding = 4; lastKnownFileType = sourcecode.c.objc; path = "NSBundle+JYBundle.m"; sourceTree = "<group>"; };
		3FFB73AA1C0697AF00C81D68 /* NSString+JYString.h */ = {isa = PBXFileReference; fileEncoding = 4; lastKnownFileType = sourcecode.c.h; path = "NSString+JYString.h"; sourceTree = "<group>"; };
		3FFB73AB1C0697AF00C81D68 /* NSString+JYString.m */ = {isa = PBXFileReference; fileEncoding = 4; lastKnownFileType = sourcecode.c.objc; path = "NSString+JYString.m"; sourceTree = "<group>"; };
		3FFB73AC1C0697AF00C81D68 /* UIImage+JYImage.h */ = {isa = PBXFileReference; fileEncoding = 4; lastKnownFileType = sourcecode.c.h; path = "UIImage+JYImage.h"; sourceTree = "<group>"; };
		3FFB73AD1C0697AF00C81D68 /* UIImage+JYImage.m */ = {isa = PBXFileReference; fileEncoding = 4; lastKnownFileType = sourcecode.c.objc; path = "UIImage+JYImage.m"; sourceTree = "<group>"; };
		3FFB73AE1C0697AF00C81D68 /* UIView+JYView.h */ = {isa = PBXFileReference; fileEncoding = 4; lastKnownFileType = sourcecode.c.h; path = "UIView+JYView.h"; sourceTree = "<group>"; };
		3FFB73AF1C0697AF00C81D68 /* UIView+JYView.m */ = {isa = PBXFileReference; fileEncoding = 4; lastKnownFileType = sourcecode.c.objc; path = "UIView+JYView.m"; sourceTree = "<group>"; };
		CF57446E1BFF25D000BF4351 /* JYServiceData.h */ = {isa = PBXFileReference; fileEncoding = 4; lastKnownFileType = sourcecode.c.h; path = JYServiceData.h; sourceTree = "<group>"; };
		CF57446F1BFF25D000BF4351 /* JYServiceData.m */ = {isa = PBXFileReference; fileEncoding = 4; lastKnownFileType = sourcecode.c.objc; path = JYServiceData.m; sourceTree = "<group>"; };
		CFF6AC4C1BF9B944006A7DA2 /* libJoy4youSDK.a */ = {isa = PBXFileReference; explicitFileType = archive.ar; includeInIndex = 0; path = libJoy4youSDK.a; sourceTree = BUILT_PRODUCTS_DIR; };
		CFF6AC4F1BF9B944006A7DA2 /* Joy4youSDK.h */ = {isa = PBXFileReference; lastKnownFileType = sourcecode.c.h; path = Joy4youSDK.h; sourceTree = "<group>"; };
		CFF6AC511BF9B944006A7DA2 /* Joy4youSDK.m */ = {isa = PBXFileReference; lastKnownFileType = sourcecode.c.objc; path = Joy4youSDK.m; sourceTree = "<group>"; };
		CFF6AC861BF9BE25006A7DA2 /* JoyEncryption.h */ = {isa = PBXFileReference; fileEncoding = 4; lastKnownFileType = sourcecode.c.h; path = JoyEncryption.h; sourceTree = "<group>"; };
		CFF6AC871BF9BE25006A7DA2 /* JoyEncryption.m */ = {isa = PBXFileReference; fileEncoding = 4; lastKnownFileType = sourcecode.c.objc; path = JoyEncryption.m; sourceTree = "<group>"; };
		CFF6AC9E1BF9BF7E006A7DA2 /* JoyRootViewController.h */ = {isa = PBXFileReference; fileEncoding = 4; lastKnownFileType = sourcecode.c.h; path = JoyRootViewController.h; sourceTree = "<group>"; };
		CFF6AC9F1BF9BF7E006A7DA2 /* JoyRootViewController.m */ = {isa = PBXFileReference; fileEncoding = 4; lastKnownFileType = sourcecode.c.objc; path = JoyRootViewController.m; sourceTree = "<group>"; };
		CFF6ACB41BF9DDAE006A7DA2 /* JoyRequest.h */ = {isa = PBXFileReference; fileEncoding = 4; lastKnownFileType = sourcecode.c.h; path = JoyRequest.h; sourceTree = "<group>"; };
		CFF6ACB51BF9DDAE006A7DA2 /* JoyRequest.m */ = {isa = PBXFileReference; fileEncoding = 4; lastKnownFileType = sourcecode.c.objc; path = JoyRequest.m; sourceTree = "<group>"; };
		CFF6ACB71BF9DEC1006A7DA2 /* JYDevice.h */ = {isa = PBXFileReference; fileEncoding = 4; lastKnownFileType = sourcecode.c.h; path = JYDevice.h; sourceTree = "<group>"; };
		CFF6ACB81BF9DEC1006A7DA2 /* JYDevice.m */ = {isa = PBXFileReference; fileEncoding = 4; lastKnownFileType = sourcecode.c.objc; path = JYDevice.m; sourceTree = "<group>"; };
		CFF6ACBD1BFB0601006A7DA2 /* AFNetworking.h */ = {isa = PBXFileReference; fileEncoding = 4; lastKnownFileType = sourcecode.c.h; path = AFNetworking.h; sourceTree = "<group>"; };
		CFF6ACBF1BFB0601006A7DA2 /* AFHTTPRequestOperation.h */ = {isa = PBXFileReference; fileEncoding = 4; lastKnownFileType = sourcecode.c.h; path = AFHTTPRequestOperation.h; sourceTree = "<group>"; };
		CFF6ACC01BFB0601006A7DA2 /* AFHTTPRequestOperation.m */ = {isa = PBXFileReference; fileEncoding = 4; lastKnownFileType = sourcecode.c.objc; path = AFHTTPRequestOperation.m; sourceTree = "<group>"; };
		CFF6ACC11BFB0601006A7DA2 /* AFHTTPRequestOperationManager.h */ = {isa = PBXFileReference; fileEncoding = 4; lastKnownFileType = sourcecode.c.h; path = AFHTTPRequestOperationManager.h; sourceTree = "<group>"; };
		CFF6ACC21BFB0601006A7DA2 /* AFHTTPRequestOperationManager.m */ = {isa = PBXFileReference; fileEncoding = 4; lastKnownFileType = sourcecode.c.objc; path = AFHTTPRequestOperationManager.m; sourceTree = "<group>"; };
		CFF6ACC31BFB0601006A7DA2 /* AFURLConnectionOperation.h */ = {isa = PBXFileReference; fileEncoding = 4; lastKnownFileType = sourcecode.c.h; path = AFURLConnectionOperation.h; sourceTree = "<group>"; };
		CFF6ACC41BFB0601006A7DA2 /* AFURLConnectionOperation.m */ = {isa = PBXFileReference; fileEncoding = 4; lastKnownFileType = sourcecode.c.objc; path = AFURLConnectionOperation.m; sourceTree = "<group>"; };
		CFF6ACC61BFB0601006A7DA2 /* AFHTTPSessionManager.h */ = {isa = PBXFileReference; fileEncoding = 4; lastKnownFileType = sourcecode.c.h; path = AFHTTPSessionManager.h; sourceTree = "<group>"; };
		CFF6ACC71BFB0601006A7DA2 /* AFHTTPSessionManager.m */ = {isa = PBXFileReference; fileEncoding = 4; lastKnownFileType = sourcecode.c.objc; path = AFHTTPSessionManager.m; sourceTree = "<group>"; };
		CFF6ACC81BFB0601006A7DA2 /* AFURLSessionManager.h */ = {isa = PBXFileReference; fileEncoding = 4; lastKnownFileType = sourcecode.c.h; path = AFURLSessionManager.h; sourceTree = "<group>"; };
		CFF6ACC91BFB0601006A7DA2 /* AFURLSessionManager.m */ = {isa = PBXFileReference; fileEncoding = 4; lastKnownFileType = sourcecode.c.objc; path = AFURLSessionManager.m; sourceTree = "<group>"; };
		CFF6ACCB1BFB0601006A7DA2 /* AFNetworkReachabilityManager.h */ = {isa = PBXFileReference; fileEncoding = 4; lastKnownFileType = sourcecode.c.h; path = AFNetworkReachabilityManager.h; sourceTree = "<group>"; };
		CFF6ACCC1BFB0601006A7DA2 /* AFNetworkReachabilityManager.m */ = {isa = PBXFileReference; fileEncoding = 4; lastKnownFileType = sourcecode.c.objc; path = AFNetworkReachabilityManager.m; sourceTree = "<group>"; };
		CFF6ACCE1BFB0601006A7DA2 /* AFSecurityPolicy.h */ = {isa = PBXFileReference; fileEncoding = 4; lastKnownFileType = sourcecode.c.h; path = AFSecurityPolicy.h; sourceTree = "<group>"; };
		CFF6ACCF1BFB0601006A7DA2 /* AFSecurityPolicy.m */ = {isa = PBXFileReference; fileEncoding = 4; lastKnownFileType = sourcecode.c.objc; path = AFSecurityPolicy.m; sourceTree = "<group>"; };
		CFF6ACD11BFB0601006A7DA2 /* AFURLRequestSerialization.h */ = {isa = PBXFileReference; fileEncoding = 4; lastKnownFileType = sourcecode.c.h; path = AFURLRequestSerialization.h; sourceTree = "<group>"; };
		CFF6ACD21BFB0601006A7DA2 /* AFURLRequestSerialization.m */ = {isa = PBXFileReference; fileEncoding = 4; lastKnownFileType = sourcecode.c.objc; path = AFURLRequestSerialization.m; sourceTree = "<group>"; };
		CFF6ACD31BFB0601006A7DA2 /* AFURLResponseSerialization.h */ = {isa = PBXFileReference; fileEncoding = 4; lastKnownFileType = sourcecode.c.h; path = AFURLResponseSerialization.h; sourceTree = "<group>"; };
		CFF6ACD41BFB0601006A7DA2 /* AFURLResponseSerialization.m */ = {isa = PBXFileReference; fileEncoding = 4; lastKnownFileType = sourcecode.c.objc; path = AFURLResponseSerialization.m; sourceTree = "<group>"; };
		CFF6ACE01BFC1952006A7DA2 /* JYHitTestView.h */ = {isa = PBXFileReference; fileEncoding = 4; lastKnownFileType = sourcecode.c.h; path = JYHitTestView.h; sourceTree = "<group>"; };
		CFF6ACE11BFC1952006A7DA2 /* JYHitTestView.m */ = {isa = PBXFileReference; fileEncoding = 4; lastKnownFileType = sourcecode.c.objc; path = JYHitTestView.m; sourceTree = "<group>"; };
		CFF6ACE51BFC1DFB006A7DA2 /* JYLog.h */ = {isa = PBXFileReference; lastKnownFileType = sourcecode.c.h; path = JYLog.h; sourceTree = "<group>"; };
		CFF6ACE91BFC1F75006A7DA2 /* JYLog.m */ = {isa = PBXFileReference; fileEncoding = 4; lastKnownFileType = sourcecode.c.objc; path = JYLog.m; sourceTree = "<group>"; };
		CFF6ACEB1BFC2150006A7DA2 /* PrefixHeader.pch */ = {isa = PBXFileReference; fileEncoding = 4; lastKnownFileType = sourcecode.c.h; path = PrefixHeader.pch; sourceTree = SOURCE_ROOT; };
		CFF6ACEC1BFC223D006A7DA2 /* JoyMainViewController.h */ = {isa = PBXFileReference; fileEncoding = 4; lastKnownFileType = sourcecode.c.h; path = JoyMainViewController.h; sourceTree = "<group>"; };
		CFF6ACED1BFC223D006A7DA2 /* JoyMainViewController.m */ = {isa = PBXFileReference; fileEncoding = 4; lastKnownFileType = sourcecode.c.objc; path = JoyMainViewController.m; sourceTree = "<group>"; };
		CFF6ACEF1BFC2288006A7DA2 /* JYConfig.h */ = {isa = PBXFileReference; fileEncoding = 4; lastKnownFileType = sourcecode.c.h; path = JYConfig.h; sourceTree = "<group>"; };
		CFF6ACF01BFC2288006A7DA2 /* JYConfig.m */ = {isa = PBXFileReference; fileEncoding = 4; lastKnownFileType = sourcecode.c.objc; path = JYConfig.m; sourceTree = "<group>"; };
		CFF6ACF61BFC5288006A7DA2 /* JYUserCache.h */ = {isa = PBXFileReference; fileEncoding = 4; lastKnownFileType = sourcecode.c.h; path = JYUserCache.h; sourceTree = "<group>"; };
		CFF6ACF71BFC5288006A7DA2 /* JYUserCache.m */ = {isa = PBXFileReference; fileEncoding = 4; lastKnownFileType = sourcecode.c.objc; path = JYUserCache.m; sourceTree = "<group>"; };
		CFF6ACF91BFC52AF006A7DA2 /* JYModelInterface.h */ = {isa = PBXFileReference; fileEncoding = 4; lastKnownFileType = sourcecode.c.h; path = JYModelInterface.h; sourceTree = "<group>"; };
		CFF6ACFA1BFC52AF006A7DA2 /* JYModelInterface.m */ = {isa = PBXFileReference; fileEncoding = 4; lastKnownFileType = sourcecode.c.objc; path = JYModelInterface.m; sourceTree = "<group>"; };
		CFF6AD0A1BFEF0F2006A7DA2 /* JYUserContent.h */ = {isa = PBXFileReference; fileEncoding = 4; lastKnownFileType = sourcecode.c.h; path = JYUserContent.h; sourceTree = "<group>"; };
		CFF6AD0B1BFEF0F2006A7DA2 /* JYUserContent.m */ = {isa = PBXFileReference; fileEncoding = 4; lastKnownFileType = sourcecode.c.objc; path = JYUserContent.m; sourceTree = "<group>"; };
/* End PBXFileReference section */

/* Begin PBXFrameworksBuildPhase section */
		248FCC691C04307200657ADD /* Frameworks */ = {
			isa = PBXFrameworksBuildPhase;
			buildActionMask = 2147483647;
			files = (
			);
			runOnlyForDeploymentPostprocessing = 0;
		};
		CFF6AC491BF9B944006A7DA2 /* Frameworks */ = {
			isa = PBXFrameworksBuildPhase;
			buildActionMask = 2147483647;
			files = (
			);
			runOnlyForDeploymentPostprocessing = 0;
		};
/* End PBXFrameworksBuildPhase section */

/* Begin PBXGroup section */
		248FCC6D1C04307300657ADD /* Joy4youBundle */ = {
			isa = PBXGroup;
			children = (
				248FCC7B1C04314900657ADD /* images */,
				248FCC7A1C04313E00657ADD /* xib */,
				248FCC6E1C04307300657ADD /* Supporting Files */,
			);
			path = Joy4youBundle;
			sourceTree = "<group>";
		};
		248FCC6E1C04307300657ADD /* Supporting Files */ = {
			isa = PBXGroup;
			children = (
				248FCC6F1C04307300657ADD /* Info.plist */,
				3F4A78EE1C082BA300F4DB50 /* Localizable.strings */,
			);
			name = "Supporting Files";
			sourceTree = "<group>";
		};
		248FCC7A1C04313E00657ADD /* xib */ = {
			isa = PBXGroup;
			children = (
				3FFB739B1C06976700C81D68 /* JYLoadingView.xib */,
				248FCC7C1C04316900657ADD /* JYLoginViewController.xib */,
				248FCC841C0432BD00657ADD /* JYRegistViewController.xib */,
				248FCC8E1C04371F00657ADD /* JYFindPasswordViewController.xib */,
				248FCC931C04378100657ADD /* JYBindEmailViewController.xib */,
				248FCC981C04385B00657ADD /* JYServiceViewController.xib */,
				3F4A78E21C07F54600F4DB50 /* JYBindAlertViewController.xib */,
			);
			name = xib;
			sourceTree = "<group>";
		};
		248FCC7B1C04314900657ADD /* images */ = {
			isa = PBXGroup;
			children = (
				3F4A78D81C07EE4300F4DB50 /* jy_popBg@2x.png */,
				3F4A78D91C07EE4300F4DB50 /* jy_popBg@3x.png */,
				3F4A78D21C0712F700F4DB50 /* loading_circle_full@2x.png */,
				3F4A78D31C0712F700F4DB50 /* loading_circle_half@2x.png */,
				3F4A78D41C0712F700F4DB50 /* loading_success@2x.png */,
				3F4A78AE1C06E48F00F4DB50 /* jy_logo@2x.png */,
				3F4A78B41C06E7DF00F4DB50 /* jy_img_edittext@2x.png */,
				3F4A78F01C083E6900F4DB50 /* jy_img_edittext@3x.png */,
				3F4A78B61C06E9FE00F4DB50 /* jy_pwd_login@2x.png */,
				3F4A78B71C06E9FE00F4DB50 /* jy_user_login@2x.png */,
				3F4A78BA1C06F4F800F4DB50 /* jy_button_blue_pressed@2x.png */,
				3F4A78BB1C06F4F800F4DB50 /* jy_button_blue@2x.png */,
				3F4A78BC1C06F4F800F4DB50 /* jy_button_orange_pressed@2x.png */,
				3F4A78BD1C06F4F800F4DB50 /* jy_button_orange@2x.png */,
				3F4A78C21C06FEDE00F4DB50 /* jy_back_pressed@2x.png */,
				3F4A78C31C06FEDE00F4DB50 /* jy_back@2x.png */,
				3F4A78E61C080C8500F4DB50 /* jy_show_service_pressed@2x.png */,
				3F4A78E71C080C8500F4DB50 /* jy_show_service@2x.png */,
				3F4A78CA1C07006B00F4DB50 /* jy_img_checkbox_off@2x.png */,
				3F4A78CB1C07006B00F4DB50 /* jy_img_checkbox_on@2x.png */,
				3F4A78CE1C07088D00F4DB50 /* jy_login_pulldown_btn@2x.png */,
				3F4A78CF1C07088D00F4DB50 /* jy_login_pulldown_del@2x.png */,
				3F4A78F21C0841E600F4DB50 /* jy_back_pressed@3x.png */,
				3F4A78F31C0841E600F4DB50 /* jy_back@3x.png */,
				3F4A78F41C0841E600F4DB50 /* jy_button_blue_pressed@3x.png */,
				3F4A78F51C0841E600F4DB50 /* jy_button_blue@3x.png */,
				3F4A78F61C0841E600F4DB50 /* jy_button_orange_pressed@3x.png */,
				3F4A78F71C0841E600F4DB50 /* jy_button_orange@3x.png */,
				3F4A78F81C0841E600F4DB50 /* jy_img_checkbox_off@3x.png */,
				3F4A78F91C0841E600F4DB50 /* jy_img_checkbox_on@3x.png */,
				3F4A78FA1C0841E600F4DB50 /* jy_logo@3x.png */,
				3F4A78FB1C0841E600F4DB50 /* jy_pwd_login@3x.png */,
				3F4A78FC1C0841E600F4DB50 /* jy_show_service_pressed@3x.png */,
				3F4A78FD1C0841E600F4DB50 /* jy_show_service@3x.png */,
				3F4A78FE1C0841E600F4DB50 /* jy_user_login@3x.png */,
				3F4A790C1C08425E00F4DB50 /* jy_login_pulldown_btn@3x.png */,
				3F4A790D1C08425E00F4DB50 /* jy_login_pulldown_del@3x.png */,
			);
			name = images;
			sourceTree = "<group>";
		};
		CFF6AC431BF9B944006A7DA2 = {
			isa = PBXGroup;
			children = (
				CFF6AC4E1BF9B944006A7DA2 /* JoySDK */,
				CFF6ACE31BFC1C4D006A7DA2 /* Supporting Files */,
				248FCC6D1C04307300657ADD /* Joy4youBundle */,
				CFF6AC4D1BF9B944006A7DA2 /* Products */,
			);
			sourceTree = "<group>";
		};
		CFF6AC4D1BF9B944006A7DA2 /* Products */ = {
			isa = PBXGroup;
			children = (
				CFF6AC4C1BF9B944006A7DA2 /* libJoy4youSDK.a */,
				248FCC6C1C04307200657ADD /* Joy4youBundle.bundle */,
			);
			name = Products;
			sourceTree = "<group>";
		};
		CFF6AC4E1BF9B944006A7DA2 /* JoySDK */ = {
			isa = PBXGroup;
			children = (
				CFF6AC4F1BF9B944006A7DA2 /* Joy4youSDK.h */,
				CFF6AC511BF9B944006A7DA2 /* Joy4youSDK.m */,
				CFF6ACEF1BFC2288006A7DA2 /* JYConfig.h */,
				CFF6ACF01BFC2288006A7DA2 /* JYConfig.m */,
				CFF6AC811BF9BDD6006A7DA2 /* Controllers */,
				CFF6AC851BF9BDED006A7DA2 /* Views */,
				CFF6AC821BF9BDED006A7DA2 /* Model */,
				CFF6AC831BF9BDED006A7DA2 /* Network */,
				CFF6AC841BF9BDED006A7DA2 /* Utils */,
			);
			path = JoySDK;
			sourceTree = "<group>";
		};
		CFF6AC811BF9BDD6006A7DA2 /* Controllers */ = {
			isa = PBXGroup;
			children = (
				CFF6AC9E1BF9BF7E006A7DA2 /* JoyRootViewController.h */,
				CFF6AC9F1BF9BF7E006A7DA2 /* JoyRootViewController.m */,
				3FFB739D1C06978400C81D68 /* JYNavigationController.h */,
				3FFB739E1C06978400C81D68 /* JYNavigationController.m */,
				3FFB739F1C06978400C81D68 /* JYViewController.h */,
				3FFB73A01C06978400C81D68 /* JYViewController.m */,
				CFF6ACEC1BFC223D006A7DA2 /* JoyMainViewController.h */,
				CFF6ACED1BFC223D006A7DA2 /* JoyMainViewController.m */,
				248FCC7E1C04317E00657ADD /* JYLoginViewController.h */,
				248FCC7F1C04317E00657ADD /* JYLoginViewController.m */,
				248FCC811C04320600657ADD /* JYRegistViewController.h */,
				248FCC821C04320600657ADD /* JYRegistViewController.m */,
				3F4A78DF1C07F52F00F4DB50 /* JYBindAlertViewController.h */,
				3F4A78E01C07F52F00F4DB50 /* JYBindAlertViewController.m */,
				248FCC901C04376F00657ADD /* JYBindEmailViewController.h */,
				248FCC911C04376F00657ADD /* JYBindEmailViewController.m */,
				248FCC8B1C04371300657ADD /* JYFindPasswordViewController.h */,
				248FCC8C1C04371300657ADD /* JYFindPasswordViewController.m */,
				248FCC951C04382000657ADD /* JYServiceViewController.h */,
				248FCC961C04382000657ADD /* JYServiceViewController.m */,
			);
			path = Controllers;
			sourceTree = "<group>";
		};
		CFF6AC821BF9BDED006A7DA2 /* Model */ = {
			isa = PBXGroup;
			children = (
				CFF6ACF61BFC5288006A7DA2 /* JYUserCache.h */,
				CFF6ACF71BFC5288006A7DA2 /* JYUserCache.m */,
				CFF6AD0A1BFEF0F2006A7DA2 /* JYUserContent.h */,
				CFF6AD0B1BFEF0F2006A7DA2 /* JYUserContent.m */,
				CFF6ACF91BFC52AF006A7DA2 /* JYModelInterface.h */,
				CFF6ACFA1BFC52AF006A7DA2 /* JYModelInterface.m */,
				CF57446E1BFF25D000BF4351 /* JYServiceData.h */,
				CF57446F1BFF25D000BF4351 /* JYServiceData.m */,
			);
			path = Model;
			sourceTree = "<group>";
		};
		CFF6AC831BF9BDED006A7DA2 /* Network */ = {
			isa = PBXGroup;
			children = (
				CFF6ACB41BF9DDAE006A7DA2 /* JoyRequest.h */,
				CFF6ACB51BF9DDAE006A7DA2 /* JoyRequest.m */,
				CFF6ACBC1BFB0601006A7DA2 /* AFNetworking */,
			);
			path = Network;
			sourceTree = "<group>";
		};
		CFF6AC841BF9BDED006A7DA2 /* Utils */ = {
			isa = PBXGroup;
			children = (
				3FFB73A81C0697AF00C81D68 /* NSBundle+JYBundle.h */,
				3FFB73A91C0697AF00C81D68 /* NSBundle+JYBundle.m */,
				3FFB73AA1C0697AF00C81D68 /* NSString+JYString.h */,
				3FFB73AB1C0697AF00C81D68 /* NSString+JYString.m */,
				3FFB73AC1C0697AF00C81D68 /* UIImage+JYImage.h */,
				3FFB73AD1C0697AF00C81D68 /* UIImage+JYImage.m */,
				3FFB73AE1C0697AF00C81D68 /* UIView+JYView.h */,
				3FFB73AF1C0697AF00C81D68 /* UIView+JYView.m */,
				3F4A78B11C06E5D600F4DB50 /* UIColor+JYColor.h */,
				3F4A78B21C06E5D600F4DB50 /* UIColor+JYColor.m */,
				2480E5451C043DA200388900 /* JYDefine.h */,
				CFF6AC861BF9BE25006A7DA2 /* JoyEncryption.h */,
				CFF6AC871BF9BE25006A7DA2 /* JoyEncryption.m */,
				CFF6ACB71BF9DEC1006A7DA2 /* JYDevice.h */,
				CFF6ACB81BF9DEC1006A7DA2 /* JYDevice.m */,
				2480E54B1C0461F300388900 /* JYUtil.h */,
				2480E54C1C0461F300388900 /* JYUtil.m */,
				CFF6ACE51BFC1DFB006A7DA2 /* JYLog.h */,
				CFF6ACE91BFC1F75006A7DA2 /* JYLog.m */,
				2480E5471C044E1D00388900 /* JYSTKeychain.h */,
				2480E5481C044E1D00388900 /* JYSTKeychain.m */,
			);
			path = Utils;
			sourceTree = "<group>";
		};
		CFF6AC851BF9BDED006A7DA2 /* Views */ = {
			isa = PBXGroup;
			children = (
				3FFB73A31C06978D00C81D68 /* JYLoadingView.h */,
				3FFB73A41C06978D00C81D68 /* JYLoadingView.m */,
				CFF6ACE01BFC1952006A7DA2 /* JYHitTestView.h */,
				CFF6ACE11BFC1952006A7DA2 /* JYHitTestView.m */,
				3F4A78AB1C06D0F800F4DB50 /* JYAlertView.h */,
				3F4A78AC1C06D0F800F4DB50 /* JYAlertView.m */,
				3F4A78DC1C07EE7400F4DB50 /* JYPopView.h */,
				3F4A78DD1C07EE7400F4DB50 /* JYPopView.m */,
				3FFB73A61C0697AF00C81D68 /* JYButton.h */,
				3FFB73A71C0697AF00C81D68 /* JYButton.m */,
			);
			path = Views;
			sourceTree = "<group>";
		};
		CFF6ACBC1BFB0601006A7DA2 /* AFNetworking */ = {
			isa = PBXGroup;
			children = (
				CFF6ACBD1BFB0601006A7DA2 /* AFNetworking.h */,
				CFF6ACBE1BFB0601006A7DA2 /* NSURLConnection */,
				CFF6ACC51BFB0601006A7DA2 /* NSURLSession */,
				CFF6ACCA1BFB0601006A7DA2 /* Reachability */,
				CFF6ACCD1BFB0601006A7DA2 /* Security */,
				CFF6ACD01BFB0601006A7DA2 /* Serialization */,
			);
			path = AFNetworking;
			sourceTree = "<group>";
		};
		CFF6ACBE1BFB0601006A7DA2 /* NSURLConnection */ = {
			isa = PBXGroup;
			children = (
				CFF6ACBF1BFB0601006A7DA2 /* AFHTTPRequestOperation.h */,
				CFF6ACC01BFB0601006A7DA2 /* AFHTTPRequestOperation.m */,
				CFF6ACC31BFB0601006A7DA2 /* AFURLConnectionOperation.h */,
				CFF6ACC41BFB0601006A7DA2 /* AFURLConnectionOperation.m */,
				CFF6ACC11BFB0601006A7DA2 /* AFHTTPRequestOperationManager.h */,
				CFF6ACC21BFB0601006A7DA2 /* AFHTTPRequestOperationManager.m */,
			);
			path = NSURLConnection;
			sourceTree = "<group>";
		};
		CFF6ACC51BFB0601006A7DA2 /* NSURLSession */ = {
			isa = PBXGroup;
			children = (
				CFF6ACC61BFB0601006A7DA2 /* AFHTTPSessionManager.h */,
				CFF6ACC71BFB0601006A7DA2 /* AFHTTPSessionManager.m */,
				CFF6ACC81BFB0601006A7DA2 /* AFURLSessionManager.h */,
				CFF6ACC91BFB0601006A7DA2 /* AFURLSessionManager.m */,
			);
			path = NSURLSession;
			sourceTree = "<group>";
		};
		CFF6ACCA1BFB0601006A7DA2 /* Reachability */ = {
			isa = PBXGroup;
			children = (
				CFF6ACCB1BFB0601006A7DA2 /* AFNetworkReachabilityManager.h */,
				CFF6ACCC1BFB0601006A7DA2 /* AFNetworkReachabilityManager.m */,
			);
			path = Reachability;
			sourceTree = "<group>";
		};
		CFF6ACCD1BFB0601006A7DA2 /* Security */ = {
			isa = PBXGroup;
			children = (
				CFF6ACCE1BFB0601006A7DA2 /* AFSecurityPolicy.h */,
				CFF6ACCF1BFB0601006A7DA2 /* AFSecurityPolicy.m */,
			);
			path = Security;
			sourceTree = "<group>";
		};
		CFF6ACD01BFB0601006A7DA2 /* Serialization */ = {
			isa = PBXGroup;
			children = (
				CFF6ACD11BFB0601006A7DA2 /* AFURLRequestSerialization.h */,
				CFF6ACD21BFB0601006A7DA2 /* AFURLRequestSerialization.m */,
				CFF6ACD31BFB0601006A7DA2 /* AFURLResponseSerialization.h */,
				CFF6ACD41BFB0601006A7DA2 /* AFURLResponseSerialization.m */,
			);
			path = Serialization;
			sourceTree = "<group>";
		};
		CFF6ACE31BFC1C4D006A7DA2 /* Supporting Files */ = {
			isa = PBXGroup;
			children = (
				CFF6ACEB1BFC2150006A7DA2 /* PrefixHeader.pch */,
			);
			name = "Supporting Files";
			path = JoySDK;
			sourceTree = "<group>";
		};
/* End PBXGroup section */

/* Begin PBXNativeTarget section */
		248FCC6B1C04307200657ADD /* Joy4youBundle */ = {
			isa = PBXNativeTarget;
			buildConfigurationList = 248FCC721C04307300657ADD /* Build configuration list for PBXNativeTarget "Joy4youBundle" */;
			buildPhases = (
				248FCC681C04307200657ADD /* Sources */,
				248FCC691C04307200657ADD /* Frameworks */,
				248FCC6A1C04307200657ADD /* Resources */,
			);
			buildRules = (
			);
			dependencies = (
			);
			name = Joy4youBundle;
			productName = Joy4youBundle;
			productReference = 248FCC6C1C04307200657ADD /* Joy4youBundle.bundle */;
			productType = "com.apple.product-type.bundle";
		};
		CFF6AC4B1BF9B944006A7DA2 /* Joy4youSDK */ = {
			isa = PBXNativeTarget;
			buildConfigurationList = CFF6AC551BF9B944006A7DA2 /* Build configuration list for PBXNativeTarget "Joy4youSDK" */;
			buildPhases = (
				CFF6AC481BF9B944006A7DA2 /* Sources */,
				CFF6AC491BF9B944006A7DA2 /* Frameworks */,
				CFF6AC4A1BF9B944006A7DA2 /* CopyFiles */,
			);
			buildRules = (
			);
			dependencies = (
				3FFB73B61C06980B00C81D68 /* PBXTargetDependency */,
			);
			name = Joy4youSDK;
			productName = JoySDK;
			productReference = CFF6AC4C1BF9B944006A7DA2 /* libJoy4youSDK.a */;
			productType = "com.apple.product-type.library.static";
		};
/* End PBXNativeTarget section */

/* Begin PBXProject section */
		CFF6AC441BF9B944006A7DA2 /* Project object */ = {
			isa = PBXProject;
			attributes = {
				LastUpgradeCheck = 0710;
				ORGANIZATIONNAME = LeHeng;
				TargetAttributes = {
					248FCC6B1C04307200657ADD = {
						CreatedOnToolsVersion = 6.3.2;
					};
					CFF6AC4B1BF9B944006A7DA2 = {
						CreatedOnToolsVersion = 7.0;
					};
				};
			};
			buildConfigurationList = CFF6AC471BF9B944006A7DA2 /* Build configuration list for PBXProject "Joy4youSDK" */;
			compatibilityVersion = "Xcode 3.2";
			developmentRegion = English;
			hasScannedForEncodings = 0;
			knownRegions = (
				en,
				"zh-Hans",
			);
			mainGroup = CFF6AC431BF9B944006A7DA2;
			productRefGroup = CFF6AC4D1BF9B944006A7DA2 /* Products */;
			projectDirPath = "";
			projectRoot = "";
			targets = (
				CFF6AC4B1BF9B944006A7DA2 /* Joy4youSDK */,
				248FCC6B1C04307200657ADD /* Joy4youBundle */,
			);
		};
/* End PBXProject section */

/* Begin PBXResourcesBuildPhase section */
		248FCC6A1C04307200657ADD /* Resources */ = {
			isa = PBXResourcesBuildPhase;
			buildActionMask = 2147483647;
			files = (
				3FFB739C1C06976700C81D68 /* JYLoadingView.xib in Resources */,
				3F4A78C01C06F4F800F4DB50 /* jy_button_orange_pressed@2x.png in Resources */,
				3F4A79041C0841E600F4DB50 /* jy_button_orange@3x.png in Resources */,
				3F4A790F1C08425E00F4DB50 /* jy_login_pulldown_del@3x.png in Resources */,
				248FCC991C04385B00657ADD /* JYServiceViewController.xib in Resources */,
				3F4A790E1C08425E00F4DB50 /* jy_login_pulldown_btn@3x.png in Resources */,
				3F4A78D51C0712F700F4DB50 /* loading_circle_full@2x.png in Resources */,
				3F4A790A1C0841E600F4DB50 /* jy_show_service@3x.png in Resources */,
				248FCC7D1C04316900657ADD /* JYLoginViewController.xib in Resources */,
				3F4A78BE1C06F4F800F4DB50 /* jy_button_blue_pressed@2x.png in Resources */,
				248FCC8F1C04371F00657ADD /* JYFindPasswordViewController.xib in Resources */,
				3F4A78E31C07F54600F4DB50 /* JYBindAlertViewController.xib in Resources */,
				3F4A79031C0841E600F4DB50 /* jy_button_orange_pressed@3x.png in Resources */,
				3F4A78D11C07088D00F4DB50 /* jy_login_pulldown_del@2x.png in Resources */,
				3F4A78D71C0712F700F4DB50 /* loading_success@2x.png in Resources */,
				3F4A78B91C06E9FE00F4DB50 /* jy_user_login@2x.png in Resources */,
				3F4A78F11C083E6900F4DB50 /* jy_img_edittext@3x.png in Resources */,
				3F4A78DB1C07EE4300F4DB50 /* jy_popBg@3x.png in Resources */,
				3F4A79011C0841E600F4DB50 /* jy_button_blue_pressed@3x.png in Resources */,
				3F4A78C11C06F4F800F4DB50 /* jy_button_orange@2x.png in Resources */,
				248FCC851C0432BD00657ADD /* JYRegistViewController.xib in Resources */,
				3F4A78FF1C0841E600F4DB50 /* jy_back_pressed@3x.png in Resources */,
				3F4A78BF1C06F4F800F4DB50 /* jy_button_blue@2x.png in Resources */,
				3F4A79061C0841E600F4DB50 /* jy_img_checkbox_on@3x.png in Resources */,
				3F4A78C41C06FEDE00F4DB50 /* jy_back_pressed@2x.png in Resources */,
				3F4A79071C0841E600F4DB50 /* jy_logo@3x.png in Resources */,
				3F4A78AF1C06E48F00F4DB50 /* jy_logo@2x.png in Resources */,
				3F4A79051C0841E600F4DB50 /* jy_img_checkbox_off@3x.png in Resources */,
				3F4A790B1C0841E600F4DB50 /* jy_user_login@3x.png in Resources */,
				3F4A78C51C06FEDE00F4DB50 /* jy_back@2x.png in Resources */,
				3F4A78DA1C07EE4300F4DB50 /* jy_popBg@2x.png in Resources */,
				3F4A79021C0841E600F4DB50 /* jy_button_blue@3x.png in Resources */,
				3F4A78CC1C07006B00F4DB50 /* jy_img_checkbox_off@2x.png in Resources */,
				3F4A78E81C080C8500F4DB50 /* jy_show_service_pressed@2x.png in Resources */,
				3F4A79081C0841E600F4DB50 /* jy_pwd_login@3x.png in Resources */,
				3F4A78B81C06E9FE00F4DB50 /* jy_pwd_login@2x.png in Resources */,
				3F4A78EC1C082BA300F4DB50 /* Localizable.strings in Resources */,
				3F4A78B51C06E7DF00F4DB50 /* jy_img_edittext@2x.png in Resources */,
				248FCC941C04378100657ADD /* JYBindEmailViewController.xib in Resources */,
				3F4A78CD1C07006B00F4DB50 /* jy_img_checkbox_on@2x.png in Resources */,
				3F4A78D01C07088D00F4DB50 /* jy_login_pulldown_btn@2x.png in Resources */,
				3F4A78E91C080C8500F4DB50 /* jy_show_service@2x.png in Resources */,
				3F4A79091C0841E600F4DB50 /* jy_show_service_pressed@3x.png in Resources */,
				3F4A78D61C0712F700F4DB50 /* loading_circle_half@2x.png in Resources */,
				3F4A79001C0841E600F4DB50 /* jy_back@3x.png in Resources */,
			);
			runOnlyForDeploymentPostprocessing = 0;
		};
/* End PBXResourcesBuildPhase section */

/* Begin PBXSourcesBuildPhase section */
		248FCC681C04307200657ADD /* Sources */ = {
			isa = PBXSourcesBuildPhase;
			buildActionMask = 2147483647;
			files = (
				3F4A78B31C06E5D600F4DB50 /* UIColor+JYColor.m in Sources */,
			);
			runOnlyForDeploymentPostprocessing = 0;
		};
		CFF6AC481BF9B944006A7DA2 /* Sources */ = {
			isa = PBXSourcesBuildPhase;
			buildActionMask = 2147483647;
			files = (
				3FFB73BD1C06992A00C81D68 /* JYNavigationController.m in Sources */,
				CFF6ACD71BFB0601006A7DA2 /* AFURLConnectionOperation.m in Sources */,
				CFF6ACD51BFB0601006A7DA2 /* AFHTTPRequestOperation.m in Sources */,
				3F4A79101C08571400F4DB50 /* JYPopView.m in Sources */,
				3FFB73C41C0699BF00C81D68 /* JYButton.m in Sources */,
				CFF6ACEE1BFC223D006A7DA2 /* JoyMainViewController.m in Sources */,
				CFF6ACE21BFC1952006A7DA2 /* JYHitTestView.m in Sources */,
				CFF6ACB91BF9DEC1006A7DA2 /* JYDevice.m in Sources */,
				3FFB73C31C0699A900C81D68 /* JYLoadingView.m in Sources */,
				CFF6ACD81BFB0601006A7DA2 /* AFHTTPSessionManager.m in Sources */,
				CF5744701BFF25D000BF4351 /* JYServiceData.m in Sources */,
				CFF6ACDB1BFB0601006A7DA2 /* AFSecurityPolicy.m in Sources */,
				CFF6ACB61BF9DDAE006A7DA2 /* JoyRequest.m in Sources */,
				CFF6ACEA1BFC1F75006A7DA2 /* JYLog.m in Sources */,
				3FFB73C51C0699C400C81D68 /* NSBundle+JYBundle.m in Sources */,
				CFF6ACDC1BFB0601006A7DA2 /* AFURLRequestSerialization.m in Sources */,
				CFF6ACFB1BFC52AF006A7DA2 /* JYModelInterface.m in Sources */,
				3FFB73C71C0699CF00C81D68 /* UIView+JYView.m in Sources */,
				CFF6ACD91BFB0601006A7DA2 /* AFURLSessionManager.m in Sources */,
				248FCC801C04317E00657ADD /* JYLoginViewController.m in Sources */,
				2480E54D1C0461F300388900 /* JYUtil.m in Sources */,
				3F4A78AD1C06D0F800F4DB50 /* JYAlertView.m in Sources */,
				3F4A78E51C0806D200F4DB50 /* JYBindAlertViewController.m in Sources */,
				3FFB73C21C0699A400C81D68 /* JYServiceViewController.m in Sources */,
				CFF6AC881BF9BE25006A7DA2 /* JoyEncryption.m in Sources */,
				3FFB73C11C0699A100C81D68 /* JYFindPasswordViewController.m in Sources */,
				CFF6ACF11BFC2288006A7DA2 /* JYConfig.m in Sources */,
				CFF6ACD61BFB0601006A7DA2 /* AFHTTPRequestOperationManager.m in Sources */,
				CFF6ACA01BF9BF7E006A7DA2 /* JoyRootViewController.m in Sources */,
				CFF6ACF81BFC5288006A7DA2 /* JYUserCache.m in Sources */,
				248FCC831C04320600657ADD /* JYRegistViewController.m in Sources */,
				2480E5491C044E1D00388900 /* JYSTKeychain.m in Sources */,
				3FFB73BE1C06996F00C81D68 /* NSString+JYString.m in Sources */,
				3F8839271C06A72600A640A8 /* JYViewController.m in Sources */,
				CFF6ACDA1BFB0601006A7DA2 /* AFNetworkReachabilityManager.m in Sources */,
				3F4A78E41C0806C700F4DB50 /* JYBindEmailViewController.m in Sources */,
				CFF6ACDD1BFB0601006A7DA2 /* AFURLResponseSerialization.m in Sources */,
				CFF6AD0C1BFEF0F2006A7DA2 /* JYUserContent.m in Sources */,
				CFF6AC521BF9B944006A7DA2 /* Joy4youSDK.m in Sources */,
				3FFB73C61C0699CB00C81D68 /* UIImage+JYImage.m in Sources */,
			);
			runOnlyForDeploymentPostprocessing = 0;
		};
/* End PBXSourcesBuildPhase section */

/* Begin PBXTargetDependency section */
		3FFB73B61C06980B00C81D68 /* PBXTargetDependency */ = {
			isa = PBXTargetDependency;
			target = 248FCC6B1C04307200657ADD /* Joy4youBundle */;
			targetProxy = 3FFB73B51C06980B00C81D68 /* PBXContainerItemProxy */;
		};
/* End PBXTargetDependency section */

/* Begin PBXVariantGroup section */
		3F4A78EE1C082BA300F4DB50 /* Localizable.strings */ = {
			isa = PBXVariantGroup;
			children = (
				3F4A78ED1C082BA300F4DB50 /* en */,
				3F4A78EF1C082BF800F4DB50 /* zh-Hans */,
			);
			name = Localizable.strings;
			sourceTree = "<group>";
		};
/* End PBXVariantGroup section */

/* Begin XCBuildConfiguration section */
		248FCC701C04307300657ADD /* Debug */ = {
			isa = XCBuildConfiguration;
			buildSettings = {
				COMBINE_HIDPI_IMAGES = NO;
				ENABLE_BITCODE = NO;
				GCC_PREPROCESSOR_DEFINITIONS = (
					"DEBUG=1",
					"$(inherited)",
				);
				GCC_SYMBOLS_PRIVATE_EXTERN = NO;
				INFOPLIST_FILE = Joy4youBundle/Info.plist;
				INSTALL_PATH = "$(LOCAL_LIBRARY_DIR)/Bundles";
				IPHONEOS_DEPLOYMENT_TARGET = 6.0;
				MACOSX_DEPLOYMENT_TARGET = 10.10;
				PRODUCT_BUNDLE_IDENTIFIER = "com.leheng.$(PRODUCT_NAME:rfc1034identifier)";
				PRODUCT_NAME = "$(TARGET_NAME)";
				SDKROOT = iphoneos;
				SKIP_INSTALL = YES;
				WRAPPER_EXTENSION = bundle;
			};
			name = Debug;
		};
		248FCC711C04307300657ADD /* Release */ = {
			isa = XCBuildConfiguration;
			buildSettings = {
				COMBINE_HIDPI_IMAGES = NO;
				ENABLE_BITCODE = NO;
				INFOPLIST_FILE = Joy4youBundle/Info.plist;
				INSTALL_PATH = "$(LOCAL_LIBRARY_DIR)/Bundles";
				IPHONEOS_DEPLOYMENT_TARGET = 6.0;
				MACOSX_DEPLOYMENT_TARGET = 10.10;
				PRODUCT_BUNDLE_IDENTIFIER = "com.leheng.$(PRODUCT_NAME:rfc1034identifier)";
				PRODUCT_NAME = "$(TARGET_NAME)";
				SDKROOT = iphoneos;
				SKIP_INSTALL = YES;
				WRAPPER_EXTENSION = bundle;
			};
			name = Release;
		};
		CFF6AC531BF9B944006A7DA2 /* Debug */ = {
			isa = XCBuildConfiguration;
			buildSettings = {
				ALWAYS_SEARCH_USER_PATHS = NO;
				CLANG_CXX_LANGUAGE_STANDARD = "gnu++0x";
				CLANG_CXX_LIBRARY = "libc++";
				CLANG_ENABLE_MODULES = YES;
				CLANG_ENABLE_OBJC_ARC = YES;
				CLANG_WARN_BOOL_CONVERSION = YES;
				CLANG_WARN_CONSTANT_CONVERSION = YES;
				CLANG_WARN_DIRECT_OBJC_ISA_USAGE = YES_ERROR;
				CLANG_WARN_EMPTY_BODY = YES;
				CLANG_WARN_ENUM_CONVERSION = YES;
				CLANG_WARN_INT_CONVERSION = YES;
				CLANG_WARN_OBJC_ROOT_CLASS = YES_ERROR;
				CLANG_WARN_UNREACHABLE_CODE = YES;
				CLANG_WARN__DUPLICATE_METHOD_MATCH = YES;
				COPY_PHASE_STRIP = NO;
				DEBUG_INFORMATION_FORMAT = dwarf;
				ENABLE_STRICT_OBJC_MSGSEND = YES;
				ENABLE_TESTABILITY = YES;
				GCC_C_LANGUAGE_STANDARD = gnu99;
				GCC_DYNAMIC_NO_PIC = NO;
				GCC_NO_COMMON_BLOCKS = YES;
				GCC_OPTIMIZATION_LEVEL = 0;
				GCC_PREPROCESSOR_DEFINITIONS = (
					"DEBUG=1",
					"$(inherited)",
				);
				GCC_WARN_64_TO_32_BIT_CONVERSION = YES;
				GCC_WARN_ABOUT_RETURN_TYPE = YES_ERROR;
				GCC_WARN_UNDECLARED_SELECTOR = YES;
				GCC_WARN_UNINITIALIZED_AUTOS = YES_AGGRESSIVE;
				GCC_WARN_UNUSED_FUNCTION = YES;
				GCC_WARN_UNUSED_VARIABLE = YES;
				IPHONEOS_DEPLOYMENT_TARGET = 9.0;
				MTL_ENABLE_DEBUG_INFO = YES;
				ONLY_ACTIVE_ARCH = YES;
				SDKROOT = iphoneos;
			};
			name = Debug;
		};
		CFF6AC541BF9B944006A7DA2 /* Release */ = {
			isa = XCBuildConfiguration;
			buildSettings = {
				ALWAYS_SEARCH_USER_PATHS = NO;
				CLANG_CXX_LANGUAGE_STANDARD = "gnu++0x";
				CLANG_CXX_LIBRARY = "libc++";
				CLANG_ENABLE_MODULES = YES;
				CLANG_ENABLE_OBJC_ARC = YES;
				CLANG_WARN_BOOL_CONVERSION = YES;
				CLANG_WARN_CONSTANT_CONVERSION = YES;
				CLANG_WARN_DIRECT_OBJC_ISA_USAGE = YES_ERROR;
				CLANG_WARN_EMPTY_BODY = YES;
				CLANG_WARN_ENUM_CONVERSION = YES;
				CLANG_WARN_INT_CONVERSION = YES;
				CLANG_WARN_OBJC_ROOT_CLASS = YES_ERROR;
				CLANG_WARN_UNREACHABLE_CODE = YES;
				CLANG_WARN__DUPLICATE_METHOD_MATCH = YES;
				COPY_PHASE_STRIP = NO;
				DEBUG_INFORMATION_FORMAT = "dwarf-with-dsym";
				ENABLE_NS_ASSERTIONS = NO;
				ENABLE_STRICT_OBJC_MSGSEND = YES;
				GCC_C_LANGUAGE_STANDARD = gnu99;
				GCC_NO_COMMON_BLOCKS = YES;
				GCC_WARN_64_TO_32_BIT_CONVERSION = YES;
				GCC_WARN_ABOUT_RETURN_TYPE = YES_ERROR;
				GCC_WARN_UNDECLARED_SELECTOR = YES;
				GCC_WARN_UNINITIALIZED_AUTOS = YES_AGGRESSIVE;
				GCC_WARN_UNUSED_FUNCTION = YES;
				GCC_WARN_UNUSED_VARIABLE = YES;
				IPHONEOS_DEPLOYMENT_TARGET = 9.0;
				MTL_ENABLE_DEBUG_INFO = NO;
				SDKROOT = iphoneos;
				VALIDATE_PRODUCT = YES;
			};
			name = Release;
		};
		CFF6AC561BF9B944006A7DA2 /* Debug */ = {
			isa = XCBuildConfiguration;
			buildSettings = {
				ENABLE_STRICT_OBJC_MSGSEND = YES;
				GCC_C_LANGUAGE_STANDARD = gnu99;
				GCC_PRECOMPILE_PREFIX_HEADER = YES;
				GCC_PREFIX_HEADER = PrefixHeader.pch;
				IPHONEOS_DEPLOYMENT_TARGET = 6.0;
				ONLY_ACTIVE_ARCH = NO;
				OTHER_LDFLAGS = "-ObjC";
				PRODUCT_NAME = "$(TARGET_NAME)";
				SKIP_INSTALL = YES;
			};
			name = Debug;
		};
		CFF6AC571BF9B944006A7DA2 /* Release */ = {
			isa = XCBuildConfiguration;
			buildSettings = {
				ENABLE_STRICT_OBJC_MSGSEND = YES;
				GCC_C_LANGUAGE_STANDARD = gnu99;
				GCC_PRECOMPILE_PREFIX_HEADER = YES;
				GCC_PREFIX_HEADER = PrefixHeader.pch;
				IPHONEOS_DEPLOYMENT_TARGET = 6.0;
				OTHER_LDFLAGS = "-ObjC";
				PRODUCT_NAME = "$(TARGET_NAME)";
				SKIP_INSTALL = YES;
			};
			name = Release;
		};
/* End XCBuildConfiguration section */

/* Begin XCConfigurationList section */
		248FCC721C04307300657ADD /* Build configuration list for PBXNativeTarget "Joy4youBundle" */ = {
			isa = XCConfigurationList;
			buildConfigurations = (
				248FCC701C04307300657ADD /* Debug */,
				248FCC711C04307300657ADD /* Release */,
			);
			defaultConfigurationIsVisible = 0;
			defaultConfigurationName = Release;
		};
		CFF6AC471BF9B944006A7DA2 /* Build configuration list for PBXProject "Joy4youSDK" */ = {
			isa = XCConfigurationList;
			buildConfigurations = (
				CFF6AC531BF9B944006A7DA2 /* Debug */,
				CFF6AC541BF9B944006A7DA2 /* Release */,
			);
			defaultConfigurationIsVisible = 0;
			defaultConfigurationName = Release;
		};
		CFF6AC551BF9B944006A7DA2 /* Build configuration list for PBXNativeTarget "Joy4youSDK" */ = {
			isa = XCConfigurationList;
			buildConfigurations = (
				CFF6AC561BF9B944006A7DA2 /* Debug */,
				CFF6AC571BF9B944006A7DA2 /* Release */,
			);
			defaultConfigurationIsVisible = 0;
			defaultConfigurationName = Release;
		};
/* End XCConfigurationList section */
	};
	rootObject = CFF6AC441BF9B944006A7DA2 /* Project object */;
}
